{
  "version": 4,
  "terraform_version": "1.12.1",
  "serial": 12,
  "lineage": "d976aa53-27cc-8665-b3a6-c43852671ae0",
  "outputs": {
    "controllers_ips": {
      "value": [
        {
          "access_ip": "172.16.18.190",
          "ansible_host": "192.168.88.116",
          "name": "controller01"
        },
        {
          "access_ip": "172.16.18.88",
          "ansible_host": "192.168.88.166",
          "name": "controller02"
        },
        {
          "access_ip": "172.16.18.134",
          "ansible_host": "192.168.88.137",
          "name": "controller03"
        }
      ],
      "type": [
        "tuple",
        [
          [
            "object",
            {
              "access_ip": "string",
              "ansible_host": "string",
              "name": "string"
            }
          ],
          [
            "object",
            {
              "access_ip": "string",
              "ansible_host": "string",
              "name": "string"
            }
          ],
          [
            "object",
            {
              "access_ip": "string",
              "ansible_host": "string",
              "name": "string"
            }
          ]
        ]
      ]
    }
  },
  "resources": [
    {
      "mode": "data",
      "type": "arvan_images",
      "name": "terraform_image",
      "provider": "provider[\"terraform.arvancloud.ir/arvancloud/iaas\"]",
      "instances": [
        {
          "schema_version": 0,
          "attributes": {
            "distributions": [
              {
                "disk": 0,
                "distro_name": "pfSense-CE",
                "id": "e198d475-f75d-40f4-8e87-65c5b9d02175",
                "name": "pfSense-CE",
                "password": false,
                "ram": 0,
                "ssh_key": false
              },
              {
                "disk": 0,
                "distro_name": "OpenSUSE",
                "id": "7defbe9f-a7cf-40b6-8bd0-85f2888be5c9",
                "name": "OpenSUSE",
                "password": true,
                "ram": 0,
                "ssh_key": true
              },
              {
                "disk": 0,
                "distro_name": "Finnix",
                "id": "4d03050a-ebdc-4126-9c40-03b009ed210c",
                "name": "Finnix",
                "password": false,
                "ram": 0,
                "ssh_key": false
              },
              {
                "disk": 0,
                "distro_name": "pfSense-CE",
                "id": "e198d475-f75d-40f4-8e87-65c5b9d02175",
                "name": "pfSense-CE",
                "password": false,
                "ram": 0,
                "ssh_key": false
              },
              {
                "disk": 0,
                "distro_name": "OpenSUSE",
                "id": "7defbe9f-a7cf-40b6-8bd0-85f2888be5c9",
                "name": "OpenSUSE",
                "password": true,
                "ram": 0,
                "ssh_key": true
              },
              {
                "disk": 0,
                "distro_name": "Finnix",
                "id": "4d03050a-ebdc-4126-9c40-03b009ed210c",
                "name": "Finnix",
                "password": false,
                "ram": 0,
                "ssh_key": false
              },
              {
                "disk": 0,
                "distro_name": "windows",
                "id": "4833c991-5a6c-4645-9495-cd72e2d9b3be",
                "name": "2016",
                "password": false,
                "ram": 2048,
                "ssh_key": false
              },
              {
                "disk": 0,
                "distro_name": "windows",
                "id": "0d5537e3-961f-4f01-9652-2ba4721b9857",
                "name": "2019",
                "password": false,
                "ram": 2048,
                "ssh_key": false
              },
              {
                "disk": 0,
                "distro_name": "windows",
                "id": "c7b1da03-0985-472e-a603-7cafb38b97a7",
                "name": "2022",
                "password": false,
                "ram": 2048,
                "ssh_key": false
              },
              {
                "disk": 0,
                "distro_name": "windows",
                "id": "2a270392-9227-47a6-a796-f39b84026a3e",
                "name": "2025",
                "password": false,
                "ram": 2048,
                "ssh_key": false
              },
              {
                "disk": 0,
                "distro_name": "ubuntu",
                "id": "793cdb82-c731-4aeb-808d-19da98525a02",
                "name": "24.04",
                "password": true,
                "ram": 0,
                "ssh_key": true
              },
              {
                "disk": 0,
                "distro_name": "ubuntu",
                "id": "1d82369c-6e1d-4bb0-886c-3b3c0e9df10e",
                "name": "22.04",
                "password": true,
                "ram": 0,
                "ssh_key": true
              },
              {
                "disk": 0,
                "distro_name": "ubuntu",
                "id": "1c206534-e211-46ac-a5e7-985a3db645ef",
                "name": "20.04",
                "password": true,
                "ram": 0,
                "ssh_key": true
              },
              {
                "disk": 0,
                "distro_name": "Debian",
                "id": "233b8dcf-e1f1-48d2-a824-5be31bee49ab",
                "name": "10",
                "password": true,
                "ram": 0,
                "ssh_key": true
              },
              {
                "disk": 0,
                "distro_name": "Debian",
                "id": "266ea65e-0e42-45c3-bd6a-25e5ee9c205c",
                "name": "11",
                "password": true,
                "ram": 0,
                "ssh_key": true
              },
              {
                "disk": 0,
                "distro_name": "Debian",
                "id": "e80464bf-6e5c-438c-812b-436c35e76eb9",
                "name": "12",
                "password": true,
                "ram": 0,
                "ssh_key": true
              },
              {
                "disk": 0,
                "distro_name": "fedora",
                "id": "aa4e52f3-ad4a-4e1a-8422-1f0a71036b4f",
                "name": "37",
                "password": true,
                "ram": 0,
                "ssh_key": true
              },
              {
                "disk": 0,
                "distro_name": "fedora",
                "id": "63807ce3-7950-4f3e-a1a7-376fc9f2652c",
                "name": "38",
                "password": true,
                "ram": 0,
                "ssh_key": true
              },
              {
                "disk": 0,
                "distro_name": "mikrotik",
                "id": "f7267abf-2e96-4027-aa21-2a08646c7dbd",
                "name": "7.8",
                "password": false,
                "ram": 0,
                "ssh_key": false
              },
              {
                "disk": 0,
                "distro_name": "centos",
                "id": "20b04573-75de-4e39-b148-52afd7fab5db",
                "name": "7",
                "password": true,
                "ram": 0,
                "ssh_key": true
              },
              {
                "disk": 0,
                "distro_name": "Rocky",
                "id": "ba600ca9-b556-4d86-90d6-55be4b35c78f",
                "name": "8.5",
                "password": true,
                "ram": 0,
                "ssh_key": true
              },
              {
                "disk": 0,
                "distro_name": "Rocky",
                "id": "e0a86b3d-d3d0-4ad9-910c-2f534aa5449b",
                "name": "9",
                "password": true,
                "ram": 0,
                "ssh_key": true
              }
            ],
            "image_type": "distributions",
            "region": "ir-thr-ba1"
          },
          "sensitive_attributes": [],
          "identity_schema_version": 0
        }
      ]
    },
    {
      "mode": "data",
      "type": "arvan_networks",
      "name": "terraform_network",
      "provider": "provider[\"terraform.arvancloud.ir/arvancloud/iaas\"]",
      "instances": [
        {
          "schema_version": 0,
          "attributes": {
            "filters": null,
            "networks": [
              {
                "cidr": "188.121.100.0/22",
                "description": "",
                "dhcp_range": {
                  "end": "188.121.103.250",
                  "start": "188.121.100.10"
                },
                "dns_servers": [
                  "1.1.1.1",
                  "8.8.8.8"
                ],
                "enable_dhcp": true,
                "enable_gateway": true,
                "gateway_ip": "188.121.100.1",
                "mtu": 1500,
                "name": "public216",
                "network_id": "7b9361f3-3870-47d4-9a1b-31e0ea7df25a",
                "servers": null,
                "shared": true,
                "subnet_id": "10db8b95-4873-41f7-abdf-41b20fc52a9a"
              },
              {
                "cidr": "188.121.112.0/22",
                "description": "",
                "dhcp_range": {
                  "end": "188.121.115.250",
                  "start": "188.121.112.10"
                },
                "dns_servers": [
                  "1.1.1.1",
                  "8.8.8.8"
                ],
                "enable_dhcp": true,
                "enable_gateway": true,
                "gateway_ip": "188.121.112.1",
                "mtu": 1500,
                "name": "public218",
                "network_id": "71763e29-62d4-4b8b-9f40-38df85ac46b1",
                "servers": null,
                "shared": true,
                "subnet_id": "59d3d242-e2ab-499b-a805-28f02baefc95"
              },
              {
                "cidr": "188.121.116.0/22",
                "description": "",
                "dhcp_range": {
                  "end": "188.121.119.250",
                  "start": "188.121.116.10"
                },
                "dns_servers": [
                  "1.1.1.1",
                  "8.8.8.8"
                ],
                "enable_dhcp": true,
                "enable_gateway": true,
                "gateway_ip": "188.121.116.1",
                "mtu": 1500,
                "name": "Default network",
                "network_id": "33c37a96-8cdc-4f93-93ea-baf80b09de5a",
                "servers": null,
                "shared": true,
                "subnet_id": "40e4cd75-fb0c-4338-9630-249b2b9b16ea"
              },
              {
                "cidr": "2a07:3900:1:1::/64",
                "description": "",
                "dhcp_range": {
                  "end": "2a07:3900:1:1:ffff:ffff:ffff:fffa",
                  "start": "2a07:3900:1:1::a"
                },
                "dns_servers": [
                  "2001:4860:4860::8888",
                  "2606:4700::1111"
                ],
                "enable_dhcp": false,
                "enable_gateway": true,
                "gateway_ip": "2a07:3900:1:1::1",
                "mtu": 1500,
                "name": "public290",
                "network_id": "4a54a6ff-a38c-4d75-b7ed-e51397d2238c",
                "servers": null,
                "shared": true,
                "subnet_id": "1141de75-309b-4074-b41b-5ae3748fe1fe"
              },
              {
                "cidr": "2a07:3903:0:2::/64",
                "description": "",
                "dhcp_range": {
                  "end": "2a07:3903:0:2:ffff:ffff:ffff:fffa",
                  "start": "2a07:3903:0:2::a"
                },
                "dns_servers": [
                  "2001:4860:4860::8888",
                  "2606:4700::1111"
                ],
                "enable_dhcp": false,
                "enable_gateway": true,
                "gateway_ip": "2a07:3903:0:2::1",
                "mtu": 1500,
                "name": "public291",
                "network_id": "b460105e-c969-45fb-b01c-48507ef25070",
                "servers": null,
                "shared": true,
                "subnet_id": "a7b4b4de-50f2-4846-a52c-2ce5ef82df5a"
              },
              {
                "cidr": "37.32.12.0/22",
                "description": "",
                "dhcp_range": {
                  "end": "37.32.15.250",
                  "start": "37.32.12.10"
                },
                "dns_servers": [
                  "1.1.1.1",
                  "8.8.8.8"
                ],
                "enable_dhcp": true,
                "enable_gateway": true,
                "gateway_ip": "37.32.12.1",
                "mtu": 1500,
                "name": "public212",
                "network_id": "8aba574e-7880-4435-92c3-f94d94ed026b",
                "servers": null,
                "shared": true,
                "subnet_id": "dff09493-e5cd-442f-bf75-60a928d8085d"
              },
              {
                "cidr": "37.32.24.0/22",
                "description": "",
                "dhcp_range": {
                  "end": "37.32.27.250",
                  "start": "37.32.24.10"
                },
                "dns_servers": [
                  "1.1.1.1",
                  "8.8.8.8"
                ],
                "enable_dhcp": true,
                "enable_gateway": true,
                "gateway_ip": "37.32.24.1",
                "mtu": 1500,
                "name": "public211",
                "network_id": "d9a25e43-9ab3-4d1b-9959-5abc2c9bcd74",
                "servers": null,
                "shared": true,
                "subnet_id": "487ee87f-81b0-4272-9480-f510f93a53a4"
              },
              {
                "cidr": "37.32.8.0/22",
                "description": "",
                "dhcp_range": {
                  "end": "37.32.11.250",
                  "start": "37.32.8.10"
                },
                "dns_servers": [
                  "1.1.1.1",
                  "8.8.8.8"
                ],
                "enable_dhcp": true,
                "enable_gateway": true,
                "gateway_ip": "37.32.8.1",
                "mtu": 1500,
                "name": "public213",
                "network_id": "e9e69b5c-0a0a-4f72-a2d6-55cb81ae6912",
                "servers": null,
                "shared": true,
                "subnet_id": "423ec7a9-cc1b-45bf-81b2-59c2d07a606d"
              },
              {
                "cidr": "94.101.184.0/22",
                "description": "",
                "dhcp_range": {
                  "end": "94.101.187.250",
                  "start": "94.101.184.10"
                },
                "dns_servers": [
                  "1.1.1.1",
                  "8.8.8.8"
                ],
                "enable_dhcp": true,
                "enable_gateway": true,
                "gateway_ip": "94.101.184.1",
                "mtu": 1500,
                "name": "public210",
                "network_id": "fbc308b4-196b-4d8f-891a-4291c8c309bd",
                "servers": null,
                "shared": true,
                "subnet_id": "0fa30e35-286a-4e79-b6a1-0e2bdc162060"
              }
            ],
            "region": "ir-thr-ba1"
          },
          "sensitive_attributes": [],
          "identity_schema_version": 0
        }
      ]
    },
    {
      "mode": "data",
      "type": "arvan_plans",
      "name": "plan_list",
      "provider": "provider[\"terraform.arvancloud.ir/arvancloud/iaas\"]",
      "instances": [
        {
          "schema_version": 0,
          "attributes": {
            "plans": [
              {
                "bandwidth_in_bytes": 0,
                "base_package": "",
                "cpu_count": 1,
                "cpu_share": "1/4",
                "disk": 25,
                "disk_in_bytes": 26843545600,
                "generation": "ECO1",
                "id": "eco-1-1-0",
                "iops_max_hdd": 1500,
                "iops_max_ssd": 16000,
                "memory": 1,
                "memory_in_bytes": 1073741824,
                "name": "eco1-small1",
                "off": "",
                "off_percent": "",
                "outbound": 0,
                "pps": null,
                "price_per_hour": 6951,
                "price_per_month": 5005000,
                "subtype": "small",
                "throughput": 209715200,
                "type": "economic"
              },
              {
                "bandwidth_in_bytes": 0,
                "base_package": "",
                "cpu_count": 1,
                "cpu_share": "1/4",
                "disk": 25,
                "disk_in_bytes": 26843545600,
                "generation": "ECO1",
                "id": "eco-2-1-0",
                "iops_max_hdd": 1500,
                "iops_max_ssd": 16000,
                "memory": 2,
                "memory_in_bytes": 2147483648,
                "name": "eco1-small2",
                "off": "",
                "off_percent": "",
                "outbound": 0,
                "pps": null,
                "price_per_hour": 7826,
                "price_per_month": 5635000,
                "subtype": "small",
                "throughput": 209715200,
                "type": "economic"
              },
              {
                "bandwidth_in_bytes": 0,
                "base_package": "",
                "cpu_count": 1,
                "cpu_share": "1/4",
                "disk": 30,
                "disk_in_bytes": 32212254720,
                "generation": "ECO1",
                "id": "eco-3-1-0",
                "iops_max_hdd": 1500,
                "iops_max_ssd": 16000,
                "memory": 3,
                "memory_in_bytes": 3221225472,
                "name": "eco1-small3",
                "off": "",
                "off_percent": "",
                "outbound": 0,
                "pps": null,
                "price_per_hour": 9292,
                "price_per_month": 6690000,
                "subtype": "small",
                "throughput": 209715200,
                "type": "economic"
              },
              {
                "bandwidth_in_bytes": 0,
                "base_package": "",
                "cpu_count": 2,
                "cpu_share": "1/4",
                "disk": 30,
                "disk_in_bytes": 32212254720,
                "generation": "ECO1",
                "id": "eco-2-2-0",
                "iops_max_hdd": 1500,
                "iops_max_ssd": 16000,
                "memory": 2,
                "memory_in_bytes": 2147483648,
                "name": "eco1-small4",
                "off": "",
                "off_percent": "",
                "outbound": 0,
                "pps": null,
                "price_per_hour": 9875,
                "price_per_month": 7110000,
                "subtype": "small",
                "throughput": 209715200,
                "type": "economic"
              },
              {
                "bandwidth_in_bytes": 0,
                "base_package": "",
                "cpu_count": 2,
                "cpu_share": "1/4",
                "disk": 75,
                "disk_in_bytes": 80530636800,
                "generation": "G6",
                "id": "g6-2-2-0",
                "iops_max_hdd": 1500,
                "iops_max_ssd": 16000,
                "memory": 2,
                "memory_in_bytes": 2147483648,
                "name": "g6-small1",
                "off": "",
                "off_percent": "",
                "outbound": 0,
                "pps": null,
                "price_per_hour": 21354,
                "price_per_month": 15375000,
                "subtype": "small",
                "throughput": 209715200,
                "type": "general"
              },
              {
                "bandwidth_in_bytes": 0,
                "base_package": "",
                "cpu_count": 2,
                "cpu_share": "1/3",
                "disk": 25,
                "disk_in_bytes": 26843545600,
                "generation": "C2",
                "id": "g2-4-2-0",
                "iops_max_hdd": 1500,
                "iops_max_ssd": 16000,
                "memory": 4,
                "memory_in_bytes": 4294967296,
                "name": "c2-medium1",
                "off": "",
                "off_percent": "",
                "outbound": 0,
                "pps": null,
                "price_per_hour": 15868,
                "price_per_month": 11425000,
                "subtype": "medium",
                "throughput": 314572800,
                "type": "cpu"
              },
              {
                "bandwidth_in_bytes": 0,
                "base_package": "",
                "cpu_count": 2,
                "cpu_share": "1/3",
                "disk": 25,
                "disk_in_bytes": 26843545600,
                "generation": "C3",
                "id": "g3-4-2-0",
                "iops_max_hdd": 1500,
                "iops_max_ssd": 16000,
                "memory": 4,
                "memory_in_bytes": 4294967296,
                "name": "c3-medium1",
                "off": "",
                "off_percent": "",
                "outbound": 0,
                "pps": null,
                "price_per_hour": 15868,
                "price_per_month": 11425000,
                "subtype": "medium",
                "throughput": 314572800,
                "type": "cpu"
              },
              {
                "bandwidth_in_bytes": 0,
                "base_package": "",
                "cpu_count": 2,
                "cpu_share": "1/3",
                "disk": 25,
                "disk_in_bytes": 26843545600,
                "generation": "C4",
                "id": "g4-4-2-0",
                "iops_max_hdd": 1500,
                "iops_max_ssd": 16000,
                "memory": 4,
                "memory_in_bytes": 4294967296,
                "name": "c4-medium1",
                "off": "",
                "off_percent": "",
                "outbound": 0,
                "pps": null,
                "price_per_hour": 15868,
                "price_per_month": 11425000,
                "subtype": "medium",
                "throughput": 314572800,
                "type": "cpu"
              },
              {
                "bandwidth_in_bytes": 0,
                "base_package": "",
                "cpu_count": 2,
                "cpu_share": "1/3",
                "disk": 25,
                "disk_in_bytes": 26843545600,
                "generation": "C6",
                "id": "g6-4-2-0",
                "iops_max_hdd": 1500,
                "iops_max_ssd": 16000,
                "memory": 4,
                "memory_in_bytes": 4294967296,
                "name": "c6-medium1",
                "off": "",
                "off_percent": "",
                "outbound": 0,
                "pps": null,
                "price_per_hour": 19340,
                "price_per_month": 13925000,
                "subtype": "medium",
                "throughput": 314572800,
                "type": "cpu"
              },
              {
                "bandwidth_in_bytes": 0,
                "base_package": "",
                "cpu_count": 2,
                "cpu_share": "1/4",
                "disk": 50,
                "disk_in_bytes": 53687091200,
                "generation": "M2",
                "id": "g2-8-2-0",
                "iops_max_hdd": 1500,
                "iops_max_ssd": 16000,
                "memory": 8,
                "memory_in_bytes": 8589934592,
                "name": "m2-small1",
                "off": "",
                "off_percent": "",
                "outbound": 0,
                "pps": null,
                "price_per_hour": 25208,
                "price_per_month": 18150000,
                "subtype": "small",
                "throughput": 314572800,
                "type": "memory"
              },
              {
                "bandwidth_in_bytes": 0,
                "base_package": "",
                "cpu_count": 2,
                "cpu_share": "1/4",
                "disk": 50,
                "disk_in_bytes": 53687091200,
                "generation": "M3",
                "id": "g3-8-2-0",
                "iops_max_hdd": 1500,
                "iops_max_ssd": 16000,
                "memory": 8,
                "memory_in_bytes": 8589934592,
                "name": "m3-small1",
                "off": "",
                "off_percent": "",
                "outbound": 0,
                "pps": null,
                "price_per_hour": 25208,
                "price_per_month": 18150000,
                "subtype": "small",
                "throughput": 314572800,
                "type": "memory"
              },
              {
                "bandwidth_in_bytes": 0,
                "base_package": "",
                "cpu_count": 2,
                "cpu_share": "1/4",
                "disk": 50,
                "disk_in_bytes": 53687091200,
                "generation": "M4",
                "id": "g4-8-2-0",
                "iops_max_hdd": 1500,
                "iops_max_ssd": 16000,
                "memory": 8,
                "memory_in_bytes": 8589934592,
                "name": "m4-small1",
                "off": "",
                "off_percent": "",
                "outbound": 0,
                "pps": null,
                "price_per_hour": 25208,
                "price_per_month": 18150000,
                "subtype": "small",
                "throughput": 314572800,
                "type": "memory"
              },
              {
                "bandwidth_in_bytes": 0,
                "base_package": "",
                "cpu_count": 2,
                "cpu_share": "1/4",
                "disk": 75,
                "disk_in_bytes": 80530636800,
                "generation": "M2",
                "id": "g2-16-2-0",
                "iops_max_hdd": 1500,
                "iops_max_ssd": 16000,
                "memory": 16,
                "memory_in_bytes": 17179869184,
                "name": "m2-small2",
                "off": "",
                "off_percent": "",
                "outbound": 0,
                "pps": null,
                "price_per_hour": 40937,
                "price_per_month": 29475000,
                "subtype": "small",
                "throughput": 314572800,
                "type": "memory"
              },
              {
                "bandwidth_in_bytes": 0,
                "base_package": "",
                "cpu_count": 2,
                "cpu_share": "1/4",
                "disk": 75,
                "disk_in_bytes": 80530636800,
                "generation": "M4",
                "id": "g4-16-2-0",
                "iops_max_hdd": 1500,
                "iops_max_ssd": 16000,
                "memory": 16,
                "memory_in_bytes": 17179869184,
                "name": "m4-small2",
                "off": "",
                "off_percent": "",
                "outbound": 0,
                "pps": null,
                "price_per_hour": 40937,
                "price_per_month": 29475000,
                "subtype": "small",
                "throughput": 314572800,
                "type": "memory"
              },
              {
                "bandwidth_in_bytes": 0,
                "base_package": "",
                "cpu_count": 2,
                "cpu_share": "1/4",
                "disk": 75,
                "disk_in_bytes": 80530636800,
                "generation": "M3",
                "id": "g3-16-2-0",
                "iops_max_hdd": 1500,
                "iops_max_ssd": 16000,
                "memory": 16,
                "memory_in_bytes": 17179869184,
                "name": "m3-small2",
                "off": "",
                "off_percent": "",
                "outbound": 0,
                "pps": null,
                "price_per_hour": 40937,
                "price_per_month": 29475000,
                "subtype": "small",
                "throughput": 314572800,
                "type": "memory"
              },
              {
                "bandwidth_in_bytes": 0,
                "base_package": "",
                "cpu_count": 4,
                "cpu_share": "1/4",
                "disk": 75,
                "disk_in_bytes": 80530636800,
                "generation": "G6",
                "id": "g6-4-4-0",
                "iops_max_hdd": 1500,
                "iops_max_ssd": 16000,
                "memory": 4,
                "memory_in_bytes": 4294967296,
                "name": "g6-small2",
                "off": "",
                "off_percent": "",
                "outbound": 0,
                "pps": null,
                "price_per_hour": 32187,
                "price_per_month": 23175000,
                "subtype": "small",
                "throughput": 209715200,
                "type": "general"
              },
              {
                "bandwidth_in_bytes": 0,
                "base_package": "",
                "cpu_count": 4,
                "cpu_share": "1/3",
                "disk": 75,
                "disk_in_bytes": 80530636800,
                "generation": "C6",
                "id": "g6-8-4-0",
                "iops_max_hdd": 1500,
                "iops_max_ssd": 16000,
                "memory": 8,
                "memory_in_bytes": 8589934592,
                "name": "c6-medium2",
                "off": "",
                "off_percent": "",
                "outbound": 0,
                "pps": null,
                "price_per_hour": 39965,
                "price_per_month": 28775000,
                "subtype": "medium",
                "throughput": 314572800,
                "type": "cpu"
              },
              {
                "bandwidth_in_bytes": 0,
                "base_package": "",
                "cpu_count": 4,
                "cpu_share": "1/3",
                "disk": 75,
                "disk_in_bytes": 80530636800,
                "generation": "C2",
                "id": "g2-8-4-0",
                "iops_max_hdd": 1500,
                "iops_max_ssd": 16000,
                "memory": 8,
                "memory_in_bytes": 8589934592,
                "name": "c2-medium2",
                "off": "",
                "off_percent": "",
                "outbound": 0,
                "pps": null,
                "price_per_hour": 33021,
                "price_per_month": 23775000,
                "subtype": "medium",
                "throughput": 314572800,
                "type": "cpu"
              },
              {
                "bandwidth_in_bytes": 0,
                "base_package": "",
                "cpu_count": 4,
                "cpu_share": "1/3",
                "disk": 75,
                "disk_in_bytes": 80530636800,
                "generation": "C4",
                "id": "g4-8-4-0",
                "iops_max_hdd": 1500,
                "iops_max_ssd": 16000,
                "memory": 8,
                "memory_in_bytes": 8589934592,
                "name": "c4-medium2",
                "off": "",
                "off_percent": "",
                "outbound": 0,
                "pps": null,
                "price_per_hour": 33021,
                "price_per_month": 23775000,
                "subtype": "medium",
                "throughput": 314572800,
                "type": "cpu"
              },
              {
                "bandwidth_in_bytes": 0,
                "base_package": "",
                "cpu_count": 4,
                "cpu_share": "1/3",
                "disk": 75,
                "disk_in_bytes": 80530636800,
                "generation": "C3",
                "id": "g3-8-4-0",
                "iops_max_hdd": 1500,
                "iops_max_ssd": 16000,
                "memory": 8,
                "memory_in_bytes": 8589934592,
                "name": "c3-medium2",
                "off": "",
                "off_percent": "",
                "outbound": 0,
                "pps": null,
                "price_per_hour": 33021,
                "price_per_month": 23775000,
                "subtype": "medium",
                "throughput": 314572800,
                "type": "cpu"
              },
              {
                "bandwidth_in_bytes": 0,
                "base_package": "",
                "cpu_count": 4,
                "cpu_share": "1/3",
                "disk": 75,
                "disk_in_bytes": 80530636800,
                "generation": "G4",
                "id": "g4-12-4-0",
                "iops_max_hdd": 1500,
                "iops_max_ssd": 16000,
                "memory": 12,
                "memory_in_bytes": 12884901888,
                "name": "g4-medium1",
                "off": "",
                "off_percent": "",
                "outbound": 0,
                "pps": null,
                "price_per_hour": 39410,
                "price_per_month": 28375000,
                "subtype": "medium",
                "throughput": 314572800,
                "type": "general"
              },
              {
                "bandwidth_in_bytes": 0,
                "base_package": "",
                "cpu_count": 4,
                "cpu_share": "1/3",
                "disk": 128,
                "disk_in_bytes": 137438953472,
                "generation": "LS2",
                "id": "ls2-12-4-128",
                "iops_max_hdd": 1500,
                "iops_max_ssd": 20000,
                "memory": 12,
                "memory_in_bytes": 12884901888,
                "name": "ls2-medium1",
                "off": "",
                "off_percent": "",
                "outbound": 0,
                "pps": null,
                "price_per_hour": 51889,
                "price_per_month": 37360000,
                "subtype": "medium",
                "throughput": 314572800,
                "type": "storage"
              },
              {
                "bandwidth_in_bytes": 0,
                "base_package": "",
                "cpu_count": 4,
                "cpu_share": "1/3",
                "disk": 256,
                "disk_in_bytes": 274877906944,
                "generation": "LS2",
                "id": "ls2-12-4-256",
                "iops_max_hdd": 1500,
                "iops_max_ssd": 20000,
                "memory": 12,
                "memory_in_bytes": 12884901888,
                "name": "ls2-medium2",
                "off": "",
                "off_percent": "",
                "outbound": 0,
                "pps": null,
                "price_per_hour": 73222,
                "price_per_month": 52720000,
                "subtype": "medium",
                "throughput": 314572800,
                "type": "storage"
              },
              {
                "bandwidth_in_bytes": 0,
                "base_package": "",
                "cpu_count": 4,
                "cpu_share": "1/3",
                "disk": 75,
                "disk_in_bytes": 80530636800,
                "generation": "G2",
                "id": "g2-12-4-0",
                "iops_max_hdd": 1500,
                "iops_max_ssd": 16000,
                "memory": 12,
                "memory_in_bytes": 12884901888,
                "name": "g2-medium2",
                "off": "",
                "off_percent": "",
                "outbound": 0,
                "pps": null,
                "price_per_hour": 39410,
                "price_per_month": 28375000,
                "subtype": "medium",
                "throughput": 314572800,
                "type": "general"
              },
              {
                "bandwidth_in_bytes": 0,
                "base_package": "",
                "cpu_count": 4,
                "cpu_share": "1/3",
                "disk": 75,
                "disk_in_bytes": 80530636800,
                "generation": "G3",
                "id": "g3-12-4-0",
                "iops_max_hdd": 1500,
                "iops_max_ssd": 16000,
                "memory": 12,
                "memory_in_bytes": 12884901888,
                "name": "g3-medium1",
                "off": "",
                "off_percent": "",
                "outbound": 0,
                "pps": null,
                "price_per_hour": 39410,
                "price_per_month": 28375000,
                "subtype": "medium",
                "throughput": 314572800,
                "type": "general"
              },
              {
                "bandwidth_in_bytes": 0,
                "base_package": "",
                "cpu_count": 4,
                "cpu_share": "1/3",
                "disk": 75,
                "disk_in_bytes": 80530636800,
                "generation": "M3",
                "id": "g3-32-4-0",
                "iops_max_hdd": 1500,
                "iops_max_ssd": 16000,
                "memory": 32,
                "memory_in_bytes": 34359738368,
                "name": "m3-medium1",
                "off": "",
                "off_percent": "",
                "outbound": 0,
                "pps": null,
                "price_per_hour": 71354,
                "price_per_month": 51375000,
                "subtype": "medium",
                "throughput": 314572800,
                "type": "memory"
              },
              {
                "bandwidth_in_bytes": 0,
                "base_package": "",
                "cpu_count": 4,
                "cpu_share": "1/3",
                "disk": 75,
                "disk_in_bytes": 80530636800,
                "generation": "M4",
                "id": "g4-32-4-0",
                "iops_max_hdd": 1500,
                "iops_max_ssd": 16000,
                "memory": 32,
                "memory_in_bytes": 34359738368,
                "name": "m4-medium1",
                "off": "",
                "off_percent": "",
                "outbound": 0,
                "pps": null,
                "price_per_hour": 71354,
                "price_per_month": 51375000,
                "subtype": "medium",
                "throughput": 314572800,
                "type": "memory"
              },
              {
                "bandwidth_in_bytes": 0,
                "base_package": "",
                "cpu_count": 4,
                "cpu_share": "1/3",
                "disk": 75,
                "disk_in_bytes": 80530636800,
                "generation": "M2",
                "id": "g2-32-4-0",
                "iops_max_hdd": 1500,
                "iops_max_ssd": 16000,
                "memory": 32,
                "memory_in_bytes": 34359738368,
                "name": "m2-medium1",
                "off": "",
                "off_percent": "",
                "outbound": 0,
                "pps": null,
                "price_per_hour": 71354,
                "price_per_month": 51375000,
                "subtype": "medium",
                "throughput": 314572800,
                "type": "memory"
              },
              {
                "bandwidth_in_bytes": 0,
                "base_package": "",
                "cpu_count": 6,
                "cpu_share": "1/3",
                "disk": 200,
                "disk_in_bytes": 214748364800,
                "generation": "G6",
                "id": "g6-12-6-0",
                "iops_max_hdd": 1500,
                "iops_max_ssd": 16000,
                "memory": 12,
                "memory_in_bytes": 12884901888,
                "name": "g6-medium2",
                "off": "",
                "off_percent": "",
                "outbound": 0,
                "pps": null,
                "price_per_hour": 69444,
                "price_per_month": 50000000,
                "subtype": "medium",
                "throughput": 314572800,
                "type": "general"
              },
              {
                "bandwidth_in_bytes": 0,
                "base_package": "",
                "cpu_count": 6,
                "cpu_share": "1/3",
                "disk": 200,
                "disk_in_bytes": 214748364800,
                "generation": "G2",
                "id": "g2-12-6-0",
                "iops_max_hdd": 1500,
                "iops_max_ssd": 16000,
                "memory": 12,
                "memory_in_bytes": 12884901888,
                "name": "g2-medium3",
                "off": "",
                "off_percent": "",
                "outbound": 0,
                "pps": null,
                "price_per_hour": 59028,
                "price_per_month": 42500000,
                "subtype": "medium",
                "throughput": 314572800,
                "type": "general"
              },
              {
                "bandwidth_in_bytes": 0,
                "base_package": "",
                "cpu_count": 6,
                "cpu_share": "1/3",
                "disk": 256,
                "disk_in_bytes": 274877906944,
                "generation": "LS2",
                "id": "ls2-16-6-256",
                "iops_max_hdd": 1500,
                "iops_max_ssd": 20000,
                "memory": 16,
                "memory_in_bytes": 17179869184,
                "name": "ls2-medium4",
                "off": "",
                "off_percent": "",
                "outbound": 0,
                "pps": null,
                "price_per_hour": 84472,
                "price_per_month": 60820000,
                "subtype": "medium",
                "throughput": 314572800,
                "type": "storage"
              },
              {
                "bandwidth_in_bytes": 0,
                "base_package": "",
                "cpu_count": 6,
                "cpu_share": "1/3",
                "disk": 128,
                "disk_in_bytes": 137438953472,
                "generation": "LS2",
                "id": "ls2-16-6-128",
                "iops_max_hdd": 1500,
                "iops_max_ssd": 20000,
                "memory": 16,
                "memory_in_bytes": 17179869184,
                "name": "ls2-medium3",
                "off": "",
                "off_percent": "",
                "outbound": 0,
                "pps": null,
                "price_per_hour": 63139,
                "price_per_month": 45460000,
                "subtype": "medium",
                "throughput": 314572800,
                "type": "storage"
              },
              {
                "bandwidth_in_bytes": 0,
                "base_package": "",
                "cpu_count": 6,
                "cpu_share": "1/3",
                "disk": 75,
                "disk_in_bytes": 80530636800,
                "generation": "G3",
                "id": "g3-16-6-0",
                "iops_max_hdd": 1500,
                "iops_max_ssd": 16000,
                "memory": 16,
                "memory_in_bytes": 17179869184,
                "name": "g3-medium3",
                "off": "",
                "off_percent": "",
                "outbound": 0,
                "pps": null,
                "price_per_hour": 50660,
                "price_per_month": 36475000,
                "subtype": "medium",
                "throughput": 314572800,
                "type": "general"
              },
              {
                "bandwidth_in_bytes": 0,
                "base_package": "",
                "cpu_count": 6,
                "cpu_share": "1/3",
                "disk": 75,
                "disk_in_bytes": 80530636800,
                "generation": "G4",
                "id": "g4-16-6-0",
                "iops_max_hdd": 1500,
                "iops_max_ssd": 16000,
                "memory": 16,
                "memory_in_bytes": 17179869184,
                "name": "g4-medium3",
                "off": "",
                "off_percent": "",
                "outbound": 0,
                "pps": null,
                "price_per_hour": 50660,
                "price_per_month": 36475000,
                "subtype": "medium",
                "throughput": 314572800,
                "type": "general"
              },
              {
                "bandwidth_in_bytes": 0,
                "base_package": "",
                "cpu_count": 6,
                "cpu_share": "1/3",
                "disk": 75,
                "disk_in_bytes": 80530636800,
                "generation": "G2",
                "id": "g2-16-6-0",
                "iops_max_hdd": 1500,
                "iops_max_ssd": 16000,
                "memory": 16,
                "memory_in_bytes": 17179869184,
                "name": "g2-medium4",
                "off": "",
                "off_percent": "",
                "outbound": 0,
                "pps": null,
                "price_per_hour": 50660,
                "price_per_month": 36475000,
                "subtype": "medium",
                "throughput": 314572800,
                "type": "general"
              },
              {
                "bandwidth_in_bytes": 0,
                "base_package": "",
                "cpu_count": 6,
                "cpu_share": "1/3",
                "disk": 75,
                "disk_in_bytes": 80530636800,
                "generation": "G3",
                "id": "g3-24-6-0",
                "iops_max_hdd": 1500,
                "iops_max_ssd": 16000,
                "memory": 24,
                "memory_in_bytes": 25769803776,
                "name": "g3-medium4",
                "off": "",
                "off_percent": "",
                "outbound": 0,
                "pps": null,
                "price_per_hour": 63437,
                "price_per_month": 45675000,
                "subtype": "medium",
                "throughput": 314572800,
                "type": "general"
              },
              {
                "bandwidth_in_bytes": 0,
                "base_package": "",
                "cpu_count": 6,
                "cpu_share": "1/3",
                "disk": 75,
                "disk_in_bytes": 80530636800,
                "generation": "G2",
                "id": "g2-24-6-0",
                "iops_max_hdd": 1500,
                "iops_max_ssd": 16000,
                "memory": 24,
                "memory_in_bytes": 25769803776,
                "name": "g2-medium5",
                "off": "",
                "off_percent": "",
                "outbound": 0,
                "pps": null,
                "price_per_hour": 63437,
                "price_per_month": 45675000,
                "subtype": "medium",
                "throughput": 314572800,
                "type": "general"
              },
              {
                "bandwidth_in_bytes": 0,
                "base_package": "",
                "cpu_count": 6,
                "cpu_share": "1/3",
                "disk": 75,
                "disk_in_bytes": 80530636800,
                "generation": "G4",
                "id": "g4-24-6-0",
                "iops_max_hdd": 1500,
                "iops_max_ssd": 16000,
                "memory": 24,
                "memory_in_bytes": 25769803776,
                "name": "g4-medium4",
                "off": "",
                "off_percent": "",
                "outbound": 0,
                "pps": null,
                "price_per_hour": 63437,
                "price_per_month": 45675000,
                "subtype": "medium",
                "throughput": 314572800,
                "type": "general"
              },
              {
                "bandwidth_in_bytes": 0,
                "base_package": "",
                "cpu_count": 8,
                "cpu_share": "1/3",
                "disk": 75,
                "disk_in_bytes": 80530636800,
                "generation": "G6",
                "id": "g6-8-8-0",
                "iops_max_hdd": 1500,
                "iops_max_ssd": 16000,
                "memory": 8,
                "memory_in_bytes": 8589934592,
                "name": "g6-medium5",
                "off": "",
                "off_percent": "",
                "outbound": 0,
                "pps": null,
                "price_per_hour": 53854,
                "price_per_month": 38775000,
                "subtype": "medium",
                "throughput": 314572800,
                "type": "general"
              },
              {
                "bandwidth_in_bytes": 0,
                "base_package": "",
                "cpu_count": 8,
                "cpu_share": "1/2",
                "disk": 75,
                "disk_in_bytes": 80530636800,
                "generation": "C2",
                "id": "g2-16-8-0",
                "iops_max_hdd": 1500,
                "iops_max_ssd": 16000,
                "memory": 16,
                "memory_in_bytes": 17179869184,
                "name": "c2-large1",
                "off": "",
                "off_percent": "",
                "outbound": 0,
                "pps": null,
                "price_per_hour": 55521,
                "price_per_month": 39975000,
                "subtype": "large",
                "throughput": 1048576000,
                "type": "cpu"
              },
              {
                "bandwidth_in_bytes": 0,
                "base_package": "",
                "cpu_count": 8,
                "cpu_share": "1/2",
                "disk": 75,
                "disk_in_bytes": 80530636800,
                "generation": "C3",
                "id": "g3-16-8-0",
                "iops_max_hdd": 1500,
                "iops_max_ssd": 16000,
                "memory": 16,
                "memory_in_bytes": 17179869184,
                "name": "c3-large1",
                "off": "",
                "off_percent": "",
                "outbound": 0,
                "pps": null,
                "price_per_hour": 55521,
                "price_per_month": 39975000,
                "subtype": "large",
                "throughput": 1048576000,
                "type": "cpu"
              },
              {
                "bandwidth_in_bytes": 0,
                "base_package": "",
                "cpu_count": 8,
                "cpu_share": "1/2",
                "disk": 75,
                "disk_in_bytes": 80530636800,
                "generation": "C4",
                "id": "g4-16-8-0",
                "iops_max_hdd": 1500,
                "iops_max_ssd": 16000,
                "memory": 16,
                "memory_in_bytes": 17179869184,
                "name": "c4-large1",
                "off": "",
                "off_percent": "",
                "outbound": 0,
                "pps": null,
                "price_per_hour": 55521,
                "price_per_month": 39975000,
                "subtype": "large",
                "throughput": 1048576000,
                "type": "cpu"
              },
              {
                "bandwidth_in_bytes": 0,
                "base_package": "",
                "cpu_count": 8,
                "cpu_share": "1/2",
                "disk": 75,
                "disk_in_bytes": 80530636800,
                "generation": "C6",
                "id": "g6-16-8-0",
                "iops_max_hdd": 1500,
                "iops_max_ssd": 16000,
                "memory": 16,
                "memory_in_bytes": 17179869184,
                "name": "c6-large1",
                "off": "",
                "off_percent": "",
                "outbound": 0,
                "pps": null,
                "price_per_hour": 69410,
                "price_per_month": 49975000,
                "subtype": "large",
                "throughput": 1048576000,
                "type": "cpu"
              },
              {
                "bandwidth_in_bytes": 0,
                "base_package": "",
                "cpu_count": 8,
                "cpu_share": "1/2",
                "disk": 150,
                "disk_in_bytes": 161061273600,
                "generation": "G3",
                "id": "g3-32-8-0",
                "iops_max_hdd": 1500,
                "iops_max_ssd": 16000,
                "memory": 32,
                "memory_in_bytes": 34359738368,
                "name": "g3-large1",
                "off": "",
                "off_percent": "",
                "outbound": 0,
                "pps": null,
                "price_per_hour": 89931,
                "price_per_month": 64750000,
                "subtype": "large",
                "throughput": 629145600,
                "type": "general"
              },
              {
                "bandwidth_in_bytes": 0,
                "base_package": "",
                "cpu_count": 8,
                "cpu_share": "1/2",
                "disk": 150,
                "disk_in_bytes": 161061273600,
                "generation": "G2",
                "id": "g2-32-8-0",
                "iops_max_hdd": 1500,
                "iops_max_ssd": 16000,
                "memory": 32,
                "memory_in_bytes": 34359738368,
                "name": "g2-large1",
                "off": "",
                "off_percent": "",
                "outbound": 0,
                "pps": null,
                "price_per_hour": 89931,
                "price_per_month": 64750000,
                "subtype": "large",
                "throughput": 629145600,
                "type": "general"
              },
              {
                "bandwidth_in_bytes": 0,
                "base_package": "",
                "cpu_count": 8,
                "cpu_share": "1/2",
                "disk": 150,
                "disk_in_bytes": 161061273600,
                "generation": "G4",
                "id": "g4-32-8-0",
                "iops_max_hdd": 1500,
                "iops_max_ssd": 16000,
                "memory": 32,
                "memory_in_bytes": 34359738368,
                "name": "g4-large1",
                "off": "",
                "off_percent": "",
                "outbound": 0,
                "pps": null,
                "price_per_hour": 89931,
                "price_per_month": 64750000,
                "subtype": "large",
                "throughput": 629145600,
                "type": "general"
              },
              {
                "bandwidth_in_bytes": 0,
                "base_package": "",
                "cpu_count": 8,
                "cpu_share": "1/2",
                "disk": 75,
                "disk_in_bytes": 80530636800,
                "generation": "M3",
                "id": "g3-64-8-0",
                "iops_max_hdd": 1500,
                "iops_max_ssd": 16000,
                "memory": 64,
                "memory_in_bytes": 68719476736,
                "name": "m3-large1",
                "off": "",
                "off_percent": "",
                "outbound": 0,
                "pps": null,
                "price_per_hour": 132187,
                "price_per_month": 95175000,
                "subtype": "large",
                "throughput": 629145600,
                "type": "memory"
              },
              {
                "bandwidth_in_bytes": 0,
                "base_package": "",
                "cpu_count": 8,
                "cpu_share": "1/2",
                "disk": 75,
                "disk_in_bytes": 80530636800,
                "generation": "M4",
                "id": "g4-64-8-0",
                "iops_max_hdd": 1500,
                "iops_max_ssd": 16000,
                "memory": 64,
                "memory_in_bytes": 68719476736,
                "name": "m4-large1",
                "off": "",
                "off_percent": "",
                "outbound": 0,
                "pps": null,
                "price_per_hour": 132187,
                "price_per_month": 95175000,
                "subtype": "large",
                "throughput": 629145600,
                "type": "memory"
              },
              {
                "bandwidth_in_bytes": 0,
                "base_package": "",
                "cpu_count": 12,
                "cpu_share": "1/2",
                "disk": 150,
                "disk_in_bytes": 161061273600,
                "generation": "G4",
                "id": "g4-48-12-0",
                "iops_max_hdd": 1500,
                "iops_max_ssd": 16000,
                "memory": 48,
                "memory_in_bytes": 51539607552,
                "name": "g4-large2",
                "off": "",
                "off_percent": "",
                "outbound": 0,
                "pps": null,
                "price_per_hour": 125208,
                "price_per_month": 90150000,
                "subtype": "large",
                "throughput": 629145600,
                "type": "general"
              },
              {
                "bandwidth_in_bytes": 0,
                "base_package": "",
                "cpu_count": 12,
                "cpu_share": "1/2",
                "disk": 500,
                "disk_in_bytes": 536870912000,
                "generation": "G3",
                "id": "g3-48-12-0",
                "iops_max_hdd": 1500,
                "iops_max_ssd": 16000,
                "memory": 48,
                "memory_in_bytes": 51539607552,
                "name": "g3-large2",
                "off": "",
                "off_percent": "",
                "outbound": 0,
                "pps": null,
                "price_per_hour": 166528,
                "price_per_month": 119900000,
                "subtype": "large",
                "throughput": 629145600,
                "type": "general"
              },
              {
                "bandwidth_in_bytes": 0,
                "base_package": "",
                "cpu_count": 16,
                "cpu_share": "1/2",
                "disk": 75,
                "disk_in_bytes": 80530636800,
                "generation": "C3",
                "id": "g3-32-16-0",
                "iops_max_hdd": 1500,
                "iops_max_ssd": 16000,
                "memory": 32,
                "memory_in_bytes": 34359738368,
                "name": "c3-large2",
                "off": "",
                "off_percent": "",
                "outbound": 0,
                "pps": null,
                "price_per_hour": 100521,
                "price_per_month": 72375000,
                "subtype": "large",
                "throughput": 1048576000,
                "type": "cpu"
              },
              {
                "bandwidth_in_bytes": 0,
                "base_package": "",
                "cpu_count": 16,
                "cpu_share": "1/2",
                "disk": 75,
                "disk_in_bytes": 80530636800,
                "generation": "C6",
                "id": "g6-32-16-0",
                "iops_max_hdd": 1500,
                "iops_max_ssd": 16000,
                "memory": 32,
                "memory_in_bytes": 34359738368,
                "name": "c6-large2",
                "off": "",
                "off_percent": "",
                "outbound": 0,
                "pps": null,
                "price_per_hour": 128299,
                "price_per_month": 92375000,
                "subtype": "large",
                "throughput": 1048576000,
                "type": "cpu"
              },
              {
                "bandwidth_in_bytes": 0,
                "base_package": "",
                "cpu_count": 16,
                "cpu_share": "1/2",
                "disk": 75,
                "disk_in_bytes": 80530636800,
                "generation": "C2",
                "id": "g2-32-16-0",
                "iops_max_hdd": 1500,
                "iops_max_ssd": 16000,
                "memory": 32,
                "memory_in_bytes": 34359738368,
                "name": "c2-large2",
                "off": "",
                "off_percent": "",
                "outbound": 0,
                "pps": null,
                "price_per_hour": 100521,
                "price_per_month": 72375000,
                "subtype": "large",
                "throughput": 1048576000,
                "type": "cpu"
              },
              {
                "bandwidth_in_bytes": 0,
                "base_package": "",
                "cpu_count": 16,
                "cpu_share": "1/2",
                "disk": 75,
                "disk_in_bytes": 80530636800,
                "generation": "C4",
                "id": "g4-32-16-0",
                "iops_max_hdd": 1500,
                "iops_max_ssd": 16000,
                "memory": 32,
                "memory_in_bytes": 34359738368,
                "name": "c4-large2",
                "off": "",
                "off_percent": "",
                "outbound": 0,
                "pps": null,
                "price_per_hour": 100521,
                "price_per_month": 72375000,
                "subtype": "large",
                "throughput": 1048576000,
                "type": "cpu"
              },
              {
                "bandwidth_in_bytes": 0,
                "base_package": "",
                "cpu_count": 16,
                "cpu_share": "1",
                "disk": 200,
                "disk_in_bytes": 214748364800,
                "generation": "G3",
                "id": "g3-64-16-0",
                "iops_max_hdd": 1500,
                "iops_max_ssd": 16000,
                "memory": 64,
                "memory_in_bytes": 68719476736,
                "name": "g3-xlarge1",
                "off": "",
                "off_percent": "",
                "outbound": 0,
                "pps": null,
                "price_per_hour": 166389,
                "price_per_month": 119800000,
                "subtype": "xlarge",
                "throughput": 1048576000,
                "type": "general"
              },
              {
                "bandwidth_in_bytes": 0,
                "base_package": "",
                "cpu_count": 16,
                "cpu_share": "1",
                "disk": 200,
                "disk_in_bytes": 214748364800,
                "generation": "G4",
                "id": "g4-64-16-0",
                "iops_max_hdd": 1500,
                "iops_max_ssd": 16000,
                "memory": 64,
                "memory_in_bytes": 68719476736,
                "name": "g4-xlarge1",
                "off": "",
                "off_percent": "",
                "outbound": 0,
                "pps": null,
                "price_per_hour": 166389,
                "price_per_month": 119800000,
                "subtype": "xlarge",
                "throughput": 1048576000,
                "type": "general"
              },
              {
                "bandwidth_in_bytes": 0,
                "base_package": "",
                "cpu_count": 16,
                "cpu_share": "1",
                "disk": 100,
                "disk_in_bytes": 107374182400,
                "generation": "M3",
                "id": "g3-128-16-0",
                "iops_max_hdd": 1500,
                "iops_max_ssd": 16000,
                "memory": 128,
                "memory_in_bytes": 137438953472,
                "name": "m3-xlarge1",
                "off": "",
                "off_percent": "",
                "outbound": 0,
                "pps": null,
                "price_per_hour": 256806,
                "price_per_month": 184900000,
                "subtype": "xlarge",
                "throughput": 1048576000,
                "type": "memory"
              },
              {
                "bandwidth_in_bytes": 0,
                "base_package": "",
                "cpu_count": 20,
                "cpu_share": "1",
                "disk": 300,
                "disk_in_bytes": 322122547200,
                "generation": "G4",
                "id": "g4-96-20-0",
                "iops_max_hdd": 1500,
                "iops_max_ssd": 16000,
                "memory": 96,
                "memory_in_bytes": 103079215104,
                "name": "g4-xlarge2",
                "off": "",
                "off_percent": "",
                "outbound": 0,
                "pps": null,
                "price_per_hour": 239028,
                "price_per_month": 172100000,
                "subtype": "xlarge",
                "throughput": 1048576000,
                "type": "general"
              },
              {
                "bandwidth_in_bytes": 0,
                "base_package": "",
                "cpu_count": 20,
                "cpu_share": "1",
                "disk": 300,
                "disk_in_bytes": 322122547200,
                "generation": "G3",
                "id": "g3-96-20-0",
                "iops_max_hdd": 1500,
                "iops_max_ssd": 16000,
                "memory": 96,
                "memory_in_bytes": 103079215104,
                "name": "g3-xlarge2",
                "off": "",
                "off_percent": "",
                "outbound": 0,
                "pps": null,
                "price_per_hour": 239028,
                "price_per_month": 172100000,
                "subtype": "xlarge",
                "throughput": 1048576000,
                "type": "general"
              },
              {
                "bandwidth_in_bytes": 0,
                "base_package": "",
                "cpu_count": 24,
                "cpu_share": "1",
                "disk": 300,
                "disk_in_bytes": 322122547200,
                "generation": "G3",
                "id": "g3-128-24-0",
                "iops_max_hdd": 1500,
                "iops_max_ssd": 16000,
                "memory": 128,
                "memory_in_bytes": 137438953472,
                "name": "g3-xlarge3",
                "off": "",
                "off_percent": "",
                "outbound": 0,
                "pps": null,
                "price_per_hour": 299861,
                "price_per_month": 215900000,
                "subtype": "xlarge",
                "throughput": 1048576000,
                "type": "general"
              },
              {
                "bandwidth_in_bytes": 0,
                "base_package": "",
                "cpu_count": 32,
                "cpu_share": "1",
                "disk": 100,
                "disk_in_bytes": 107374182400,
                "generation": "C3",
                "id": "g3-64-32-0",
                "iops_max_hdd": 1500,
                "iops_max_ssd": 16000,
                "memory": 64,
                "memory_in_bytes": 68719476736,
                "name": "c3-xlarge1",
                "off": "",
                "off_percent": "",
                "outbound": 0,
                "pps": null,
                "price_per_hour": 193472,
                "price_per_month": 139300000,
                "subtype": "xlarge",
                "throughput": 1048576000,
                "type": "cpu"
              }
            ],
            "region": "ir-thr-ba1"
          },
          "sensitive_attributes": [],
          "identity_schema_version": 0
        }
      ]
    },
    {
      "mode": "data",
      "type": "arvan_security_groups",
      "name": "firewall_list",
      "provider": "provider[\"terraform.arvancloud.ir/arvancloud/iaas\"]",
      "instances": [
        {
          "schema_version": 0,
          "attributes": {
            "groups": [
              {
                "default": true,
                "description": "New default security group",
                "id": "2db5222c-14c5-4e0b-89e3-34bfa46034f4",
                "name": "default",
                "readonly": true,
                "region": "ir-thr-ba1",
                "rules": [
                  {
                    "description": null,
                    "direction": "egress",
                    "ether_type": "IPv4",
                    "group_id": "2db5222c-14c5-4e0b-89e3-34bfa46034f4",
                    "id": "185c81a3-d890-4ef7-84cc-13a98ffa4cbe",
                    "ip": null,
                    "port_from": null,
                    "port_to": null,
                    "protocol": null
                  },
                  {
                    "description": null,
                    "direction": "egress",
                    "ether_type": "IPv6",
                    "group_id": "2db5222c-14c5-4e0b-89e3-34bfa46034f4",
                    "id": "2455d1a6-a97b-4bd7-b06c-75a946d7f246",
                    "ip": null,
                    "port_from": null,
                    "port_to": null,
                    "protocol": null
                  },
                  {
                    "description": null,
                    "direction": "ingress",
                    "ether_type": "IPv4",
                    "group_id": "2db5222c-14c5-4e0b-89e3-34bfa46034f4",
                    "id": "3dcbd462-4a49-49e8-a405-1095fd0b8b25",
                    "ip": null,
                    "port_from": null,
                    "port_to": null,
                    "protocol": "tcp"
                  },
                  {
                    "description": null,
                    "direction": "ingress",
                    "ether_type": "IPv4",
                    "group_id": "2db5222c-14c5-4e0b-89e3-34bfa46034f4",
                    "id": "f581fa48-391f-43ac-a8d8-026bfdd2906e",
                    "ip": null,
                    "port_from": null,
                    "port_to": null,
                    "protocol": "icmp"
                  },
                  {
                    "description": null,
                    "direction": "ingress",
                    "ether_type": "IPv4",
                    "group_id": "2db5222c-14c5-4e0b-89e3-34bfa46034f4",
                    "id": "fe8710c4-8aed-4e80-8aa0-fa9d70e09de9",
                    "ip": null,
                    "port_from": null,
                    "port_to": null,
                    "protocol": "udp"
                  },
                  {
                    "description": null,
                    "direction": "ingress",
                    "ether_type": "IPv6",
                    "group_id": "2db5222c-14c5-4e0b-89e3-34bfa46034f4",
                    "id": "2ba91cc4-5a06-4c59-a44f-408f713deb41",
                    "ip": null,
                    "port_from": null,
                    "port_to": null,
                    "protocol": "tcp"
                  },
                  {
                    "description": null,
                    "direction": "ingress",
                    "ether_type": "IPv6",
                    "group_id": "2db5222c-14c5-4e0b-89e3-34bfa46034f4",
                    "id": "9c6fab68-7044-40e6-a1e7-0311ff7b4337",
                    "ip": null,
                    "port_from": null,
                    "port_to": null,
                    "protocol": "udp"
                  },
                  {
                    "description": null,
                    "direction": "ingress",
                    "ether_type": "IPv6",
                    "group_id": "2db5222c-14c5-4e0b-89e3-34bfa46034f4",
                    "id": "b73ab1a6-2e3a-4d5d-8330-e7b30e231e81",
                    "ip": null,
                    "port_from": null,
                    "port_to": null,
                    "protocol": "ipv6-icmp"
                  }
                ]
              }
            ],
            "region": "ir-thr-ba1"
          },
          "sensitive_attributes": [],
          "identity_schema_version": 0
        }
      ]
    },
    {
      "mode": "managed",
      "type": "arvan_abrak",
      "name": "computes",
      "provider": "provider[\"terraform.arvancloud.ir/arvancloud/iaas\"]",
      "instances": [
        {
          "index_key": 1,
          "schema_version": 0,
          "attributes": {
            "cluster_id": "",
            "dedicated_server_id": null,
            "disk_size": 100,
            "enable_ipv4": true,
            "enable_ipv6": null,
            "flavor_id": "g2-16-8-0",
            "floating_ip": null,
            "id": "e8422292-d724-48dc-911c-d83d580c1b1a",
            "image_id": "1d82369c-6e1d-4bb0-886c-3b3c0e9df10e",
            "init_script": null,
            "name": "compute02",
            "networks": [
              {
                "ip": "192.168.88.73",
                "is_public": false,
                "network_id": "b44acf24-d5ba-4da7-bf8a-db9f1f9b05be",
                "port_id": "71f52935-0330-409d-a8f8-ea52ec9c70ac",
                "port_security_enabled": true,
                "subnet_id": "93b182ea-41e2-4beb-a953-b5c335bfe47f"
              },
              {
                "ip": "172.16.18.84",
                "is_public": false,
                "network_id": "93a59d5b-6ac9-4d6e-8a3d-0394d92ea3e4",
                "port_id": "244fab34-cf00-4371-8524-37e9e35cfa91",
                "port_security_enabled": true,
                "subnet_id": "d8a5e61f-166c-41da-a37b-2d962a033d66"
              },
              {
                "ip": "10.0.0.37",
                "is_public": false,
                "network_id": "fc1aeef9-daa7-4ce7-b6a0-f153202450c5",
                "port_id": "f27df822-7b4c-4c46-82d6-ed98a1af4d81",
                "port_security_enabled": true,
                "subnet_id": "18e970fe-5eb6-4b40-8ad2-a61aaaaf21c4"
              }
            ],
            "password": "",
            "region": "ir-thr-ba1",
            "revert_to": null,
            "security_groups": [
              "2db5222c-14c5-4e0b-89e3-34bfa46034f4"
            ],
            "server_group_id": null,
            "snapshot_id": null,
            "ssh_key_name": "ary",
            "status": "ACTIVE",
            "task_id": "8e381ebd-6014-455a-b717-637fb735237d",
            "timeouts": {
              "create": "30m",
              "delete": "20m",
              "read": "10m",
              "update": "20m"
            },
            "volumes": null
          },
          "sensitive_attributes": [],
          "identity_schema_version": 0,
          "dependencies": [
            "arvan_network.internal_net",
            "arvan_network.mgmt_net",
            "arvan_network.tenant_net",
            "data.arvan_images.terraform_image",
            "data.arvan_plans.plan_list",
            "data.arvan_security_groups.firewall_list"
          ]
        }
      ]
    },
    {
      "mode": "managed",
      "type": "arvan_abrak",
      "name": "controllers",
      "provider": "provider[\"terraform.arvancloud.ir/arvancloud/iaas\"]",
      "instances": [
        {
          "index_key": 0,
          "schema_version": 0,
          "attributes": {
            "cluster_id": "",
            "dedicated_server_id": null,
            "disk_size": 100,
            "enable_ipv4": true,
            "enable_ipv6": null,
            "flavor_id": "g2-16-8-0",
            "floating_ip": null,
            "id": "2c1003a8-60d9-4477-9321-e6eed2fcc58f",
            "image_id": "1d82369c-6e1d-4bb0-886c-3b3c0e9df10e",
            "init_script": null,
            "name": "controller01",
            "networks": [
              {
                "ip": "192.168.88.116",
                "is_public": false,
                "network_id": "b44acf24-d5ba-4da7-bf8a-db9f1f9b05be",
                "port_id": "62981aca-abd7-413e-aa08-203db187ae7c",
                "port_security_enabled": true,
                "subnet_id": "93b182ea-41e2-4beb-a953-b5c335bfe47f"
              },
              {
                "ip": "172.16.18.190",
                "is_public": false,
                "network_id": "93a59d5b-6ac9-4d6e-8a3d-0394d92ea3e4",
                "port_id": "d52121fd-6b63-4fb5-ae99-2e76052bfeeb",
                "port_security_enabled": true,
                "subnet_id": "d8a5e61f-166c-41da-a37b-2d962a033d66"
              }
            ],
            "password": "",
            "region": "ir-thr-ba1",
            "revert_to": null,
            "security_groups": [
              "2db5222c-14c5-4e0b-89e3-34bfa46034f4"
            ],
            "server_group_id": null,
            "snapshot_id": null,
            "ssh_key_name": "ary",
            "status": "ACTIVE",
            "task_id": "79690e86-1b78-4f51-9553-9d7d3227388b",
            "timeouts": {
              "create": "30m",
              "delete": "20m",
              "read": "10m",
              "update": "20m"
            },
            "volumes": null
          },
          "sensitive_attributes": [],
          "identity_schema_version": 0,
          "dependencies": [
            "arvan_network.internal_net",
            "arvan_network.mgmt_net",
            "data.arvan_images.terraform_image",
            "data.arvan_plans.plan_list",
            "data.arvan_security_groups.firewall_list"
          ]
        },
        {
          "index_key": 1,
          "schema_version": 0,
          "attributes": {
            "cluster_id": "",
            "dedicated_server_id": null,
            "disk_size": 100,
            "enable_ipv4": true,
            "enable_ipv6": null,
            "flavor_id": "g2-16-8-0",
            "floating_ip": null,
            "id": "dd8b3bc1-2a7a-4164-93ab-47bc1bd9cbdb",
            "image_id": "1d82369c-6e1d-4bb0-886c-3b3c0e9df10e",
            "init_script": null,
            "name": "controller02",
            "networks": [
              {
                "ip": "192.168.88.166",
                "is_public": false,
                "network_id": "b44acf24-d5ba-4da7-bf8a-db9f1f9b05be",
                "port_id": "22c7cb0b-c084-4755-9747-15ec3cb7e2eb",
                "port_security_enabled": true,
                "subnet_id": "93b182ea-41e2-4beb-a953-b5c335bfe47f"
              },
              {
                "ip": "172.16.18.88",
                "is_public": false,
                "network_id": "93a59d5b-6ac9-4d6e-8a3d-0394d92ea3e4",
                "port_id": "6dc12b17-9b67-4a07-9503-f3be6ab66811",
                "port_security_enabled": true,
                "subnet_id": "d8a5e61f-166c-41da-a37b-2d962a033d66"
              }
            ],
            "password": "",
            "region": "ir-thr-ba1",
            "revert_to": null,
            "security_groups": [
              "2db5222c-14c5-4e0b-89e3-34bfa46034f4"
            ],
            "server_group_id": null,
            "snapshot_id": null,
            "ssh_key_name": "ary",
            "status": "ACTIVE",
            "task_id": "fd74ebab-df00-4a42-adb6-1a20f47e296d",
            "timeouts": {
              "create": "30m",
              "delete": "20m",
              "read": "10m",
              "update": "20m"
            },
            "volumes": null
          },
          "sensitive_attributes": [],
          "identity_schema_version": 0,
          "dependencies": [
            "arvan_network.internal_net",
            "arvan_network.mgmt_net",
            "data.arvan_images.terraform_image",
            "data.arvan_plans.plan_list",
            "data.arvan_security_groups.firewall_list"
          ]
        },
        {
          "index_key": 2,
          "schema_version": 0,
          "attributes": {
            "cluster_id": "",
            "dedicated_server_id": null,
            "disk_size": 100,
            "enable_ipv4": true,
            "enable_ipv6": null,
            "flavor_id": "g2-16-8-0",
            "floating_ip": null,
            "id": "c7e5c0f0-a2f9-4f64-b231-7d9f3b71e047",
            "image_id": "1d82369c-6e1d-4bb0-886c-3b3c0e9df10e",
            "init_script": null,
            "name": "controller03",
            "networks": [
              {
                "ip": "192.168.88.137",
                "is_public": false,
                "network_id": "b44acf24-d5ba-4da7-bf8a-db9f1f9b05be",
                "port_id": "1bbc7d25-de3f-4273-9c07-c2ed74c4b99d",
                "port_security_enabled": true,
                "subnet_id": "93b182ea-41e2-4beb-a953-b5c335bfe47f"
              },
              {
                "ip": "172.16.18.134",
                "is_public": false,
                "network_id": "93a59d5b-6ac9-4d6e-8a3d-0394d92ea3e4",
                "port_id": "0c0629d8-8b08-4689-ae16-cc5ca0d49dd6",
                "port_security_enabled": true,
                "subnet_id": "d8a5e61f-166c-41da-a37b-2d962a033d66"
              }
            ],
            "password": "",
            "region": "ir-thr-ba1",
            "revert_to": null,
            "security_groups": [
              "2db5222c-14c5-4e0b-89e3-34bfa46034f4"
            ],
            "server_group_id": null,
            "snapshot_id": null,
            "ssh_key_name": "ary",
            "status": "ACTIVE",
            "task_id": "0c2c025a-2322-46b7-819a-417b7a0d1a37",
            "timeouts": {
              "create": "30m",
              "delete": "20m",
              "read": "10m",
              "update": "20m"
            },
            "volumes": null
          },
          "sensitive_attributes": [],
          "identity_schema_version": 0,
          "dependencies": [
            "arvan_network.internal_net",
            "arvan_network.mgmt_net",
            "data.arvan_images.terraform_image",
            "data.arvan_plans.plan_list",
            "data.arvan_security_groups.firewall_list"
          ]
        }
      ]
    },
    {
      "mode": "managed",
      "type": "arvan_abrak",
      "name": "networks",
      "provider": "provider[\"terraform.arvancloud.ir/arvancloud/iaas\"]",
      "instances": [
        {
          "index_key": 1,
          "schema_version": 0,
          "attributes": {
            "cluster_id": "",
            "dedicated_server_id": null,
            "disk_size": 80,
            "enable_ipv4": true,
            "enable_ipv6": null,
            "flavor_id": "g2-8-4-0",
            "floating_ip": null,
            "id": "4ae89cae-680a-4a0f-92bd-9ecd43c4e463",
            "image_id": "1d82369c-6e1d-4bb0-886c-3b3c0e9df10e",
            "init_script": null,
            "name": "network02",
            "networks": [
              {
                "ip": "192.168.88.150",
                "is_public": false,
                "network_id": "b44acf24-d5ba-4da7-bf8a-db9f1f9b05be",
                "port_id": "6788eca2-fba7-4264-9315-fb3919a37bf8",
                "port_security_enabled": true,
                "subnet_id": "93b182ea-41e2-4beb-a953-b5c335bfe47f"
              },
              {
                "ip": "172.16.18.51",
                "is_public": false,
                "network_id": "93a59d5b-6ac9-4d6e-8a3d-0394d92ea3e4",
                "port_id": "e53ef108-6ce4-4709-9f85-3104fd090c4d",
                "port_security_enabled": true,
                "subnet_id": "d8a5e61f-166c-41da-a37b-2d962a033d66"
              },
              {
                "ip": "10.0.0.23",
                "is_public": false,
                "network_id": "fc1aeef9-daa7-4ce7-b6a0-f153202450c5",
                "port_id": "76cba219-8497-458f-b669-ae0c2ea58736",
                "port_security_enabled": true,
                "subnet_id": "18e970fe-5eb6-4b40-8ad2-a61aaaaf21c4"
              },
              {
                "ip": "192.168.99.78",
                "is_public": false,
                "network_id": "134066bc-cae2-4208-a305-ceed1d649a19",
                "port_id": "2eb6d7c8-59eb-4091-b904-e7665916e8d5",
                "port_security_enabled": true,
                "subnet_id": "74984811-59d8-4175-8b2c-393b7752b867"
              }
            ],
            "password": "",
            "region": "ir-thr-ba1",
            "revert_to": null,
            "security_groups": [
              "2db5222c-14c5-4e0b-89e3-34bfa46034f4"
            ],
            "server_group_id": null,
            "snapshot_id": null,
            "ssh_key_name": "ary",
            "status": "ACTIVE",
            "task_id": "ff6b5a84-6464-4535-82af-476c31748c3b",
            "timeouts": {
              "create": "30m",
              "delete": "20m",
              "read": "10m",
              "update": "20m"
            },
            "volumes": null
          },
          "sensitive_attributes": [],
          "identity_schema_version": 0,
          "dependencies": [
            "arvan_network.external_provider_net",
            "arvan_network.internal_net",
            "arvan_network.mgmt_net",
            "arvan_network.tenant_net",
            "data.arvan_images.terraform_image",
            "data.arvan_plans.plan_list",
            "data.arvan_security_groups.firewall_list"
          ]
        }
      ]
    },
    {
      "mode": "managed",
      "type": "arvan_network",
      "name": "external_provider_net",
      "provider": "provider[\"terraform.arvancloud.ir/arvancloud/iaas\"]",
      "instances": [
        {
          "schema_version": 0,
          "attributes": {
            "cidr": "192.168.99.0/24",
            "description": "External provider private network",
            "dhcp_range": {
              "end": "192.168.99.200",
              "start": "192.168.99.10"
            },
            "dns_servers": [
              "8.8.8.8",
              "1.1.1.1"
            ],
            "enable_dhcp": true,
            "enable_gateway": false,
            "gateway_ip": null,
            "id": "74984811-59d8-4175-8b2c-393b7752b867",
            "name": "external-provider",
            "network_id": "134066bc-cae2-4208-a305-ceed1d649a19",
            "region": "ir-thr-ba1"
          },
          "sensitive_attributes": [],
          "identity_schema_version": 0
        }
      ]
    },
    {
      "mode": "managed",
      "type": "arvan_network",
      "name": "internal_net",
      "provider": "provider[\"terraform.arvancloud.ir/arvancloud/iaas\"]",
      "instances": [
        {
          "schema_version": 0,
          "attributes": {
            "cidr": "172.16.18.0/24",
            "description": "Internal private network",
            "dhcp_range": {
              "end": "172.16.18.200",
              "start": "172.16.18.10"
            },
            "dns_servers": [
              "8.8.8.8",
              "1.1.1.1"
            ],
            "enable_dhcp": true,
            "enable_gateway": false,
            "gateway_ip": null,
            "id": "d8a5e61f-166c-41da-a37b-2d962a033d66",
            "name": "internal",
            "network_id": "93a59d5b-6ac9-4d6e-8a3d-0394d92ea3e4",
            "region": "ir-thr-ba1"
          },
          "sensitive_attributes": [],
          "identity_schema_version": 0
        }
      ]
    },
    {
      "mode": "managed",
      "type": "arvan_network",
      "name": "mgmt_net",
      "provider": "provider[\"terraform.arvancloud.ir/arvancloud/iaas\"]",
      "instances": [
        {
          "schema_version": 0,
          "attributes": {
            "cidr": "192.168.88.0/24",
            "description": "Management private network",
            "dhcp_range": {
              "end": "192.168.88.200",
              "start": "192.168.88.10"
            },
            "dns_servers": [
              "8.8.8.8",
              "1.1.1.1"
            ],
            "enable_dhcp": true,
            "enable_gateway": false,
            "gateway_ip": null,
            "id": "93b182ea-41e2-4beb-a953-b5c335bfe47f",
            "name": "mgmt",
            "network_id": "b44acf24-d5ba-4da7-bf8a-db9f1f9b05be",
            "region": "ir-thr-ba1"
          },
          "sensitive_attributes": [],
          "identity_schema_version": 0
        }
      ]
    },
    {
      "mode": "managed",
      "type": "arvan_network",
      "name": "tenant_net",
      "provider": "provider[\"terraform.arvancloud.ir/arvancloud/iaas\"]",
      "instances": [
        {
          "schema_version": 0,
          "attributes": {
            "cidr": "10.0.0.0/24",
            "description": "Tenant private network",
            "dhcp_range": {
              "end": "10.0.0.200",
              "start": "10.0.0.10"
            },
            "dns_servers": [
              "8.8.8.8",
              "1.1.1.1"
            ],
            "enable_dhcp": true,
            "enable_gateway": false,
            "gateway_ip": null,
            "id": "18e970fe-5eb6-4b40-8ad2-a61aaaaf21c4",
            "name": "tenant",
            "network_id": "fc1aeef9-daa7-4ce7-b6a0-f153202450c5",
            "region": "ir-thr-ba1"
          },
          "sensitive_attributes": [],
          "identity_schema_version": 0
        }
      ]
    }
  ],
  "check_results": null
}
